
Microsoft Visual Studio Solution File, Format Version 12.00
# Visual Studio 15
VisualStudioVersion = 15.0.28307.329
MinimumVisualStudioVersion = 10.0.40219.1
Project("{FAE04EC0-301F-11D3-BF4B-00C04F79EFBC}") = "mprCleaner_2015", "mprCleaner_2015\mprCleaner_2015.csproj", "{8175F288-BB78-4C4E-A1F7-077C1A3D6BEB}"
EndProject
Project("{FAE04EC0-301F-11D3-BF4B-00C04F79EFBC}") = "mprCleaner_2016", "mprCleaner_2016\mprCleaner_2016.csproj", "{45E5A080-B279-4665-9E22-55F4CB0EAB77}"
EndProject
Project("{FAE04EC0-301F-11D3-BF4B-00C04F79EFBC}") = "mprCleaner_2017", "mprCleaner_2017\mprCleaner_2017.csproj", "{95FEE252-C7A5-42D0-A03B-E19745E9A097}"
EndProject
Project("{FAE04EC0-301F-11D3-BF4B-00C04F79EFBC}") = "mprCleaner_2018", "mprCleaner_2018\mprCleaner_2018.csproj", "{32AB45CA-6C22-46CB-81B2-E6096A836CCD}"
EndProject
Project("{FAE04EC0-301F-11D3-BF4B-00C04F79EFBC}") = "mprCleaner_2019", "mprCleaner_2019\mprCleaner_2019.csproj", "{2648CBB5-6F99-48B1-9C87-518CA55F5736}"
EndProject
Project("{FAE04EC0-301F-11D3-BF4B-00C04F79EFBC}") = "mprCleaner_2020", "mprCleaner_2020\mprCleaner_2020.csproj", "{F8456C25-E9DA-4382-8FAC-61041277CDAA}"
EndProject
Global
	GlobalSection(SolutionConfigurationPlatforms) = preSolution
		Debug|Any CPU = Debug|Any CPU
		Release|Any CPU = Release|Any CPU
	EndGlobalSection
	GlobalSection(ProjectConfigurationPlatforms) = postSolution
		{8175F288-BB78-4C4E-A1F7-077C1A3D6BEB}.Debug|Any CPU.ActiveCfg = Debug|Any CPU
		{8175F288-BB78-4C4E-A1F7-077C1A3D6BEB}.Debug|Any CPU.Build.0 = Debug|Any CPU
		{8175F288-BB78-4C4E-A1F7-077C1A3D6BEB}.Release|Any CPU.ActiveCfg = Release|Any CPU
		{8175F288-BB78-4C4E-A1F7-077C1A3D6BEB}.Release|Any CPU.Build.0 = Release|Any CPU
		{45E5A080-B279-4665-9E22-55F4CB0EAB77}.Debug|Any CPU.ActiveCfg = Debug|Any CPU
		{45E5A080-B279-4665-9E22-55F4CB0EAB77}.Debug|Any CPU.Build.0 = Debug|Any CPU
		{45E5A080-B279-4665-9E22-55F4CB0EAB77}.Release|Any CPU.ActiveCfg = Release|Any CPU
		{45E5A080-B279-4665-9E22-55F4CB0EAB77}.Release|Any CPU.Build.0 = Release|Any CPU
		{95FEE252-C7A5-42D0-A03B-E19745E9A097}.Debug|Any CPU.ActiveCfg = Debug|Any CPU
		{95FEE252-C7A5-42D0-A03B-E19745E9A097}.Debug|Any CPU.Build.0 = Debug|Any CPU
		{95FEE252-C7A5-42D0-A03B-E19745E9A097}.Release|Any CPU.ActiveCfg = Release|Any CPU
		{95FEE252-C7A5-42D0-A03B-E19745E9A097}.Release|Any CPU.Build.0 = Release|Any CPU
		{32AB45CA-6C22-46CB-81B2-E6096A836CCD}.Debug|Any CPU.ActiveCfg = Debug|Any CPU
		{32AB45CA-6C22-46CB-81B2-E6096A836CCD}.Debug|Any CPU.Build.0 = Debug|Any CPU
		{32AB45CA-6C22-46CB-81B2-E6096A836CCD}.Release|Any CPU.ActiveCfg = Release|Any CPU
		{32AB45CA-6C22-46CB-81B2-E6096A836CCD}.Release|Any CPU.Build.0 = Release|Any CPU
		{2648CBB5-6F99-48B1-9C87-518CA55F5736}.Debug|Any CPU.ActiveCfg = Debug|Any CPU
		{2648CBB5-6F99-48B1-9C87-518CA55F5736}.Debug|Any CPU.Build.0 = Debug|Any CPU
		{2648CBB5-6F99-48B1-9C87-518CA55F5736}.Release|Any CPU.ActiveCfg = Release|Any CPU
		{2648CBB5-6F99-48B1-9C87-518CA55F5736}.Release|Any CPU.Build.0 = Release|Any CPU
		{F8456C25-E9DA-4382-8FAC-61041277CDAA}.Debug|Any CPU.ActiveCfg = Debug|Any CPU
		{F8456C25-E9DA-4382-8FAC-61041277CDAA}.Debug|Any CPU.Build.0 = Debug|Any CPU
		{F8456C25-E9DA-4382-8FAC-61041277CDAA}.Release|Any CPU.ActiveCfg = Release|Any CPU
		{F8456C25-E9DA-4382-8FAC-61041277CDAA}.Release|Any CPU.Build.0 = Release|Any CPU
	EndGlobalSection
	GlobalSection(SolutionProperties) = preSolution
		HideSolutionNode = FALSE
	EndGlobalSection
	GlobalSection(ExtensibilityGlobals) = postSolution
		SolutionGuid = {7A7D180C-A983-4BB2-BFF4-44CCE404CAD3}
	EndGlobalSection
EndGlobal
